
Microsoft Visual Studio Solution File, Format Version 12.00
# Visual Studio Version 17
VisualStudioVersion = 17.11.35327.3
MinimumVisualStudioVersion = 10.0.40219.1
Project("{FAE04EC0-301F-11D3-BF4B-00C04F79EFBC}") = "Matriz de adyazencia de grafos", "Matriz de adyazencia de grafos\Matriz de adyazencia de grafos.csproj", "{C05D5F8E-6E1D-4CB3-B5DA-A451F434BF58}"
EndProject
Global
	GlobalSection(SolutionConfigurationPlatforms) = preSolution
		Debug|Any CPU = Debug|Any CPU
		Release|Any CPU = Release|Any CPU
	EndGlobalSection
	GlobalSection(ProjectConfigurationPlatforms) = postSolution
		{C05D5F8E-6E1D-4CB3-B5DA-A451F434BF58}.Debug|Any CPU.ActiveCfg = Debug|Any CPU
		{C05D5F8E-6E1D-4CB3-B5DA-A451F434BF58}.Debug|Any CPU.Build.0 = Debug|Any CPU
		{C05D5F8E-6E1D-4CB3-B5DA-A451F434BF58}.Release|Any CPU.ActiveCfg = Release|Any CPU
		{C05D5F8E-6E1D-4CB3-B5DA-A451F434BF58}.Release|Any CPU.Build.0 = Release|Any CPU
	EndGlobalSection
	GlobalSection(SolutionProperties) = preSolution
		HideSolutionNode = FALSE
	EndGlobalSection
	GlobalSection(ExtensibilityGlobals) = postSolution
		SolutionGuid = {5357301D-6476-4DED-9B34-5610088C3B04}
	EndGlobalSection
EndGlobal
